
Microsoft Visual Studio Solution File, Format Version 12.00
# Visual Studio Version 17
VisualStudioVersion = 17.0.31903.59
MinimumVisualStudioVersion = 10.0.40219.1
Project("{9A19103F-16F7-4668-BE54-9A1E7A4F7556}") = "RehearsalLib", "RehearsalLib\RehearsalLib.csproj", "{F3AD5BDA-62CE-45CF-9800-C22ECA6DC167}"
EndProject
Project("{9A19103F-16F7-4668-BE54-9A1E7A4F7556}") = "AspNetRehearsal", "AspNetRehearsal\AspNetRehearsal.csproj", "{B7F83ACC-459C-4C89-9659-DADD7BEC62FC}"
EndProject
Global
	GlobalSection(SolutionConfigurationPlatforms) = preSolution
		Debug|Any CPU = Debug|Any CPU
		Release|Any CPU = Release|Any CPU
	EndGlobalSection
	GlobalSection(ProjectConfigurationPlatforms) = postSolution
		{F3AD5BDA-62CE-45CF-9800-C22ECA6DC167}.Debug|Any CPU.ActiveCfg = Debug|Any CPU
		{F3AD5BDA-62CE-45CF-9800-C22ECA6DC167}.Debug|Any CPU.Build.0 = Debug|Any CPU
		{F3AD5BDA-62CE-45CF-9800-C22ECA6DC167}.Release|Any CPU.ActiveCfg = Release|Any CPU
		{F3AD5BDA-62CE-45CF-9800-C22ECA6DC167}.Release|Any CPU.Build.0 = Release|Any CPU
		{B7F83ACC-459C-4C89-9659-DADD7BEC62FC}.Debug|Any CPU.ActiveCfg = Debug|Any CPU
		{B7F83ACC-459C-4C89-9659-DADD7BEC62FC}.Debug|Any CPU.Build.0 = Debug|Any CPU
		{B7F83ACC-459C-4C89-9659-DADD7BEC62FC}.Release|Any CPU.ActiveCfg = Release|Any CPU
		{B7F83ACC-459C-4C89-9659-DADD7BEC62FC}.Release|Any CPU.Build.0 = Release|Any CPU
	EndGlobalSection
	GlobalSection(SolutionProperties) = preSolution
		HideSolutionNode = FALSE
	EndGlobalSection
	GlobalSection(ExtensibilityGlobals) = postSolution
		SolutionGuid = {C170451B-2E1F-4029-9202-FDE75F4D769A}
	EndGlobalSection
EndGlobal
